// !$*UTF8*$!
{
	archiveVersion = 1;
	classes = {
	};
	objectVersion = 50;
	objects = {

/* Begin PBXBuildFile section */
		FA0C13B521A4A484008A08A2 /* main.cpp in Sources */ = {isa = PBXBuildFile; fileRef = FA0C13B421A4A484008A08A2 /* main.cpp */; };
		FA0C13BC21A4A601008A08A2 /* qr_image.jpg in CopyFiles */ = {isa = PBXBuildFile; fileRef = FA0C13BB21A4A5E9008A08A2 /* qr_image.jpg */; };
		FAD0870421A9245F009A1F5C /* alphabet.cpp in Sources */ = {isa = PBXBuildFile; fileRef = FAD086ED21A9245F009A1F5C /* alphabet.cpp */; };
		FAD0870521A9245F009A1F5C /* qr_data_coder.cpp in Sources */ = {isa = PBXBuildFile; fileRef = FAD086EE21A9245F009A1F5C /* qr_data_coder.cpp */; };
		FAD0870721A9245F009A1F5C /* image_data_extractor.cpp in Sources */ = {isa = PBXBuildFile; fileRef = FAD086F321A9245F009A1F5C /* image_data_extractor.cpp */; };
		FAD0870821A9245F009A1F5C /* GenericGF.cpp in Sources */ = {isa = PBXBuildFile; fileRef = FAD086F521A9245F009A1F5C /* GenericGF.cpp */; };
		FAD0870921A9245F009A1F5C /* ReedSolomonException.cpp in Sources */ = {isa = PBXBuildFile; fileRef = FAD086F621A9245F009A1F5C /* ReedSolomonException.cpp */; };
		FAD0870A21A9245F009A1F5C /* GenericGFPoly.cpp in Sources */ = {isa = PBXBuildFile; fileRef = FAD086F921A9245F009A1F5C /* GenericGFPoly.cpp */; };
		FAD0870B21A9245F009A1F5C /* ReedSolomon.cpp in Sources */ = {isa = PBXBuildFile; fileRef = FAD086FB21A9245F009A1F5C /* ReedSolomon.cpp */; };
		FAD0870C21A9245F009A1F5C /* ReedSolomonDecoder.cpp in Sources */ = {isa = PBXBuildFile; fileRef = FAD086FD21A9245F009A1F5C /* ReedSolomonDecoder.cpp */; };
		FAD0870D21A9245F009A1F5C /* ReedSolomonEncoder.cpp in Sources */ = {isa = PBXBuildFile; fileRef = FAD0870021A9245F009A1F5C /* ReedSolomonEncoder.cpp */; };
		FAD0870E21A9245F009A1F5C /* dot_detector.cpp in Sources */ = {isa = PBXBuildFile; fileRef = FAD0870321A9245F009A1F5C /* dot_detector.cpp */; };
/* End PBXBuildFile section */

/* Begin PBXCopyFilesBuildPhase section */
		FA0C13AF21A4A484008A08A2 /* CopyFiles */ = {
			isa = PBXCopyFilesBuildPhase;
			buildActionMask = 12;
			dstPath = "";
			dstSubfolderSpec = 7;
			files = (
				FA0C13BC21A4A601008A08A2 /* qr_image.jpg in CopyFiles */,
			);
			runOnlyForDeploymentPostprocessing = 0;
		};
/* End PBXCopyFilesBuildPhase section */

/* Begin PBXFileReference section */
		FA0C13B121A4A484008A08A2 /* QRCode_Mac */ = {isa = PBXFileReference; explicitFileType = "compiled.mach-o.executable"; includeInIndex = 0; path = QRCode_Mac; sourceTree = BUILT_PRODUCTS_DIR; };
		FA0C13B421A4A484008A08A2 /* main.cpp */ = {isa = PBXFileReference; lastKnownFileType = sourcecode.cpp.cpp; path = main.cpp; sourceTree = "<group>"; };
		FA0C13BB21A4A5E9008A08A2 /* qr_image.jpg */ = {isa = PBXFileReference; lastKnownFileType = image.jpeg; path = qr_image.jpg; sourceTree = "<group>"; };
		FAD086EB21A9245F009A1F5C /* image_data_extractor.hpp */ = {isa = PBXFileReference; fileEncoding = 4; lastKnownFileType = sourcecode.cpp.h; path = image_data_extractor.hpp; sourceTree = "<group>"; };
		FAD086EC21A9245F009A1F5C /* dot_detector.hpp */ = {isa = PBXFileReference; fileEncoding = 4; lastKnownFileType = sourcecode.cpp.h; path = dot_detector.hpp; sourceTree = "<group>"; };
		FAD086ED21A9245F009A1F5C /* alphabet.cpp */ = {isa = PBXFileReference; fileEncoding = 4; lastKnownFileType = sourcecode.cpp.cpp; path = alphabet.cpp; sourceTree = "<group>"; };
		FAD086EE21A9245F009A1F5C /* qr_data_coder.cpp */ = {isa = PBXFileReference; fileEncoding = 4; lastKnownFileType = sourcecode.cpp.cpp; path = qr_data_coder.cpp; sourceTree = "<group>"; };
		FAD086F021A9245F009A1F5C /* alphabet.hpp */ = {isa = PBXFileReference; fileEncoding = 4; lastKnownFileType = sourcecode.cpp.h; path = alphabet.hpp; sourceTree = "<group>"; };
		FAD086F121A9245F009A1F5C /* qr_data_coder.hpp */ = {isa = PBXFileReference; fileEncoding = 4; lastKnownFileType = sourcecode.cpp.h; path = qr_data_coder.hpp; sourceTree = "<group>"; };
		FAD086F321A9245F009A1F5C /* image_data_extractor.cpp */ = {isa = PBXFileReference; fileEncoding = 4; lastKnownFileType = sourcecode.cpp.cpp; path = image_data_extractor.cpp; sourceTree = "<group>"; };
		FAD086F521A9245F009A1F5C /* GenericGF.cpp */ = {isa = PBXFileReference; fileEncoding = 4; lastKnownFileType = sourcecode.cpp.cpp; path = GenericGF.cpp; sourceTree = "<group>"; };
		FAD086F621A9245F009A1F5C /* ReedSolomonException.cpp */ = {isa = PBXFileReference; fileEncoding = 4; lastKnownFileType = sourcecode.cpp.cpp; path = ReedSolomonException.cpp; sourceTree = "<group>"; };
		FAD086F721A9245F009A1F5C /* ReedSolomonDecoder.h */ = {isa = PBXFileReference; fileEncoding = 4; lastKnownFileType = sourcecode.c.h; path = ReedSolomonDecoder.h; sourceTree = "<group>"; };
		FAD086F821A9245F009A1F5C /* Counted.h */ = {isa = PBXFileReference; fileEncoding = 4; lastKnownFileType = sourcecode.c.h; path = Counted.h; sourceTree = "<group>"; };
		FAD086F921A9245F009A1F5C /* GenericGFPoly.cpp */ = {isa = PBXFileReference; fileEncoding = 4; lastKnownFileType = sourcecode.cpp.cpp; path = GenericGFPoly.cpp; sourceTree = "<group>"; };
		FAD086FA21A9245F009A1F5C /* GenericGF.h */ = {isa = PBXFileReference; fileEncoding = 4; lastKnownFileType = sourcecode.c.h; path = GenericGF.h; sourceTree = "<group>"; };
		FAD086FB21A9245F009A1F5C /* ReedSolomon.cpp */ = {isa = PBXFileReference; fileEncoding = 4; lastKnownFileType = sourcecode.cpp.cpp; path = ReedSolomon.cpp; sourceTree = "<group>"; };
		FAD086FC21A9245F009A1F5C /* Array.h */ = {isa = PBXFileReference; fileEncoding = 4; lastKnownFileType = sourcecode.c.h; path = Array.h; sourceTree = "<group>"; };
		FAD086FD21A9245F009A1F5C /* ReedSolomonDecoder.cpp */ = {isa = PBXFileReference; fileEncoding = 4; lastKnownFileType = sourcecode.cpp.cpp; path = ReedSolomonDecoder.cpp; sourceTree = "<group>"; };
		FAD086FE21A9245F009A1F5C /* ReedSolomonException.h */ = {isa = PBXFileReference; fileEncoding = 4; lastKnownFileType = sourcecode.c.h; path = ReedSolomonException.h; sourceTree = "<group>"; };
		FAD086FF21A9245F009A1F5C /* ReedSolomonEncoder.h */ = {isa = PBXFileReference; fileEncoding = 4; lastKnownFileType = sourcecode.c.h; path = ReedSolomonEncoder.h; sourceTree = "<group>"; };
		FAD0870021A9245F009A1F5C /* ReedSolomonEncoder.cpp */ = {isa = PBXFileReference; fileEncoding = 4; lastKnownFileType = sourcecode.cpp.cpp; path = ReedSolomonEncoder.cpp; sourceTree = "<group>"; };
		FAD0870121A9245F009A1F5C /* GenericGFPoly.h */ = {isa = PBXFileReference; fileEncoding = 4; lastKnownFileType = sourcecode.c.h; path = GenericGFPoly.h; sourceTree = "<group>"; };
		FAD0870221A9245F009A1F5C /* ReedSolomon.h */ = {isa = PBXFileReference; fileEncoding = 4; lastKnownFileType = sourcecode.c.h; path = ReedSolomon.h; sourceTree = "<group>"; };
		FAD0870321A9245F009A1F5C /* dot_detector.cpp */ = {isa = PBXFileReference; fileEncoding = 4; lastKnownFileType = sourcecode.cpp.cpp; path = dot_detector.cpp; sourceTree = "<group>"; };
/* End PBXFileReference section */

/* Begin PBXFrameworksBuildPhase section */
		FA0C13AE21A4A484008A08A2 /* Frameworks */ = {
			isa = PBXFrameworksBuildPhase;
			buildActionMask = 2147483647;
			files = (
			);
			runOnlyForDeploymentPostprocessing = 0;
		};
/* End PBXFrameworksBuildPhase section */

/* Begin PBXGroup section */
		FA0C13A821A4A484008A08A2 = {
			isa = PBXGroup;
			children = (
				FA0C13B321A4A484008A08A2 /* QRCode_Mac */,
				FA0C13B221A4A484008A08A2 /* Products */,
			);
			sourceTree = "<group>";
		};
		FA0C13B221A4A484008A08A2 /* Products */ = {
			isa = PBXGroup;
			children = (
				FA0C13B121A4A484008A08A2 /* QRCode_Mac */,
			);
			name = Products;
			sourceTree = "<group>";
		};
		FA0C13B321A4A484008A08A2 /* QRCode_Mac */ = {
			isa = PBXGroup;
			children = (
				FAD086EA21A9245F009A1F5C /* qr */,
				FA0C13B421A4A484008A08A2 /* main.cpp */,
				FA0C13BB21A4A5E9008A08A2 /* qr_image.jpg */,
			);
			path = QRCode_Mac;
			sourceTree = "<group>";
		};
		FAD086EA21A9245F009A1F5C /* qr */ = {
			isa = PBXGroup;
			children = (
				FAD086EB21A9245F009A1F5C /* image_data_extractor.hpp */,
				FAD086EC21A9245F009A1F5C /* dot_detector.hpp */,
				FAD086ED21A9245F009A1F5C /* alphabet.cpp */,
				FAD086EE21A9245F009A1F5C /* qr_data_coder.cpp */,
				FAD086F021A9245F009A1F5C /* alphabet.hpp */,
				FAD086F121A9245F009A1F5C /* qr_data_coder.hpp */,
				FAD086F321A9245F009A1F5C /* image_data_extractor.cpp */,
				FAD086F421A9245F009A1F5C /* reedsolomon */,
				FAD0870321A9245F009A1F5C /* dot_detector.cpp */,
			);
			name = qr;
			path = ../../qr;
			sourceTree = "<group>";
		};
		FAD086F421A9245F009A1F5C /* reedsolomon */ = {
			isa = PBXGroup;
			children = (
				FAD086F521A9245F009A1F5C /* GenericGF.cpp */,
				FAD086F621A9245F009A1F5C /* ReedSolomonException.cpp */,
				FAD086F721A9245F009A1F5C /* ReedSolomonDecoder.h */,
				FAD086F821A9245F009A1F5C /* Counted.h */,
				FAD086F921A9245F009A1F5C /* GenericGFPoly.cpp */,
				FAD086FA21A9245F009A1F5C /* GenericGF.h */,
				FAD086FB21A9245F009A1F5C /* ReedSolomon.cpp */,
				FAD086FC21A9245F009A1F5C /* Array.h */,
				FAD086FD21A9245F009A1F5C /* ReedSolomonDecoder.cpp */,
				FAD086FE21A9245F009A1F5C /* ReedSolomonException.h */,
				FAD086FF21A9245F009A1F5C /* ReedSolomonEncoder.h */,
				FAD0870021A9245F009A1F5C /* ReedSolomonEncoder.cpp */,
				FAD0870121A9245F009A1F5C /* GenericGFPoly.h */,
				FAD0870221A9245F009A1F5C /* ReedSolomon.h */,
			);
			path = reedsolomon;
			sourceTree = "<group>";
		};
/* End PBXGroup section */

/* Begin PBXNativeTarget section */
		FA0C13B021A4A484008A08A2 /* QRCode_Mac */ = {
			isa = PBXNativeTarget;
			buildConfigurationList = FA0C13B821A4A484008A08A2 /* Build configuration list for PBXNativeTarget "QRCode_Mac" */;
			buildPhases = (
				FA0C13AD21A4A484008A08A2 /* Sources */,
				FA0C13AE21A4A484008A08A2 /* Frameworks */,
				FA0C13AF21A4A484008A08A2 /* CopyFiles */,
			);
			buildRules = (
			);
			dependencies = (
			);
			name = QRCode_Mac;
			productName = QRCode_Mac;
			productReference = FA0C13B121A4A484008A08A2 /* QRCode_Mac */;
			productType = "com.apple.product-type.tool";
		};
/* End PBXNativeTarget section */

/* Begin PBXProject section */
		FA0C13A921A4A484008A08A2 /* Project object */ = {
			isa = PBXProject;
			attributes = {
				LastUpgradeCheck = 1010;
				ORGANIZATIONNAME = "Alex Development";
				TargetAttributes = {
					FA0C13B021A4A484008A08A2 = {
						CreatedOnToolsVersion = 10.1;
					};
				};
			};
			buildConfigurationList = FA0C13AC21A4A484008A08A2 /* Build configuration list for PBXProject "QRCode_Mac" */;
			compatibilityVersion = "Xcode 9.3";
			developmentRegion = en;
			hasScannedForEncodings = 0;
			knownRegions = (
				en,
			);
			mainGroup = FA0C13A821A4A484008A08A2;
			productRefGroup = FA0C13B221A4A484008A08A2 /* Products */;
			projectDirPath = "";
			projectRoot = "";
			targets = (
				FA0C13B021A4A484008A08A2 /* QRCode_Mac */,
			);
		};
/* End PBXProject section */

/* Begin PBXSourcesBuildPhase section */
		FA0C13AD21A4A484008A08A2 /* Sources */ = {
			isa = PBXSourcesBuildPhase;
			buildActionMask = 2147483647;
			files = (
				FAD0870C21A9245F009A1F5C /* ReedSolomonDecoder.cpp in Sources */,
				FAD0870E21A9245F009A1F5C /* dot_detector.cpp in Sources */,
				FAD0870A21A9245F009A1F5C /* GenericGFPoly.cpp in Sources */,
				FAD0870521A9245F009A1F5C /* qr_data_coder.cpp in Sources */,
				FAD0870D21A9245F009A1F5C /* ReedSolomonEncoder.cpp in Sources */,
				FAD0870421A9245F009A1F5C /* alphabet.cpp in Sources */,
				FAD0870B21A9245F009A1F5C /* ReedSolomon.cpp in Sources */,
				FAD0870821A9245F009A1F5C /* GenericGF.cpp in Sources */,
				FA0C13B521A4A484008A08A2 /* main.cpp in Sources */,
				FAD0870921A9245F009A1F5C /* ReedSolomonException.cpp in Sources */,
				FAD0870721A9245F009A1F5C /* image_data_extractor.cpp in Sources */,
			);
			runOnlyForDeploymentPostprocessing = 0;
		};
/* End PBXSourcesBuildPhase section */

/* Begin XCBuildConfiguration section */
		FA0C13B621A4A484008A08A2 /* Debug */ = {
			isa = XCBuildConfiguration;
			buildSettings = {
				ALWAYS_SEARCH_USER_PATHS = NO;
				CLANG_ANALYZER_NONNULL = YES;
				CLANG_ANALYZER_NUMBER_OBJECT_CONVERSION = YES_AGGRESSIVE;
				CLANG_CXX_LANGUAGE_STANDARD = "gnu++14";
				CLANG_CXX_LIBRARY = "libc++";
				CLANG_ENABLE_MODULES = YES;
				CLANG_ENABLE_OBJC_ARC = YES;
				CLANG_ENABLE_OBJC_WEAK = YES;
				CLANG_WARN_BLOCK_CAPTURE_AUTORELEASING = YES;
				CLANG_WARN_BOOL_CONVERSION = YES;
				CLANG_WARN_COMMA = YES;
				CLANG_WARN_CONSTANT_CONVERSION = YES;
				CLANG_WARN_DEPRECATED_OBJC_IMPLEMENTATIONS = YES;
				CLANG_WARN_DIRECT_OBJC_ISA_USAGE = YES_ERROR;
				CLANG_WARN_DOCUMENTATION_COMMENTS = YES;
				CLANG_WARN_EMPTY_BODY = YES;
				CLANG_WARN_ENUM_CONVERSION = YES;
				CLANG_WARN_INFINITE_RECURSION = YES;
				CLANG_WARN_INT_CONVERSION = YES;
				CLANG_WARN_NON_LITERAL_NULL_CONVERSION = YES;
				CLANG_WARN_OBJC_IMPLICIT_RETAIN_SELF = YES;
				CLANG_WARN_OBJC_LITERAL_CONVERSION = YES;
				CLANG_WARN_OBJC_ROOT_CLASS = YES_ERROR;
				CLANG_WARN_RANGE_LOOP_ANALYSIS = YES;
				CLANG_WARN_STRICT_PROTOTYPES = YES;
				CLANG_WARN_SUSPICIOUS_MOVE = YES;
				CLANG_WARN_UNGUARDED_AVAILABILITY = YES_AGGRESSIVE;
				CLANG_WARN_UNREACHABLE_CODE = YES;
				CLANG_WARN__DUPLICATE_METHOD_MATCH = YES;
				CODE_SIGN_IDENTITY = "Mac Developer";
				COPY_PHASE_STRIP = NO;
				DEBUG_INFORMATION_FORMAT = dwarf;
				ENABLE_STRICT_OBJC_MSGSEND = YES;
				ENABLE_TESTABILITY = YES;
				GCC_C_LANGUAGE_STANDARD = gnu11;
				GCC_DYNAMIC_NO_PIC = NO;
				GCC_NO_COMMON_BLOCKS = YES;
				GCC_OPTIMIZATION_LEVEL = 0;
				GCC_PREPROCESSOR_DEFINITIONS = (
					"DEBUG=1",
					"$(inherited)",
				);
				GCC_WARN_64_TO_32_BIT_CONVERSION = YES;
				GCC_WARN_ABOUT_RETURN_TYPE = YES_ERROR;
				GCC_WARN_UNDECLARED_SELECTOR = YES;
				GCC_WARN_UNINITIALIZED_AUTOS = YES_AGGRESSIVE;
				GCC_WARN_UNUSED_FUNCTION = YES;
				GCC_WARN_UNUSED_VARIABLE = YES;
				MACOSX_DEPLOYMENT_TARGET = 10.14;
				MTL_ENABLE_DEBUG_INFO = INCLUDE_SOURCE;
				MTL_FAST_MATH = YES;
				ONLY_ACTIVE_ARCH = YES;
				SDKROOT = macosx;
			};
			name = Debug;
		};
		FA0C13B721A4A484008A08A2 /* Release */ = {
			isa = XCBuildConfiguration;
			buildSettings = {
				ALWAYS_SEARCH_USER_PATHS = NO;
				CLANG_ANALYZER_NONNULL = YES;
				CLANG_ANALYZER_NUMBER_OBJECT_CONVERSION = YES_AGGRESSIVE;
				CLANG_CXX_LANGUAGE_STANDARD = "gnu++14";
				CLANG_CXX_LIBRARY = "libc++";
				CLANG_ENABLE_MODULES = YES;
				CLANG_ENABLE_OBJC_ARC = YES;
				CLANG_ENABLE_OBJC_WEAK = YES;
				CLANG_WARN_BLOCK_CAPTURE_AUTORELEASING = YES;
				CLANG_WARN_BOOL_CONVERSION = YES;
				CLANG_WARN_COMMA = YES;
				CLANG_WARN_CONSTANT_CONVERSION = YES;
				CLANG_WARN_DEPRECATED_OBJC_IMPLEMENTATIONS = YES;
				CLANG_WARN_DIRECT_OBJC_ISA_USAGE = YES_ERROR;
				CLANG_WARN_DOCUMENTATION_COMMENTS = YES;
				CLANG_WARN_EMPTY_BODY = YES;
				CLANG_WARN_ENUM_CONVERSION = YES;
				CLANG_WARN_INFINITE_RECURSION = YES;
				CLANG_WARN_INT_CONVERSION = YES;
				CLANG_WARN_NON_LITERAL_NULL_CONVERSION = YES;
				CLANG_WARN_OBJC_IMPLICIT_RETAIN_SELF = YES;
				CLANG_WARN_OBJC_LITERAL_CONVERSION = YES;
				CLANG_WARN_OBJC_ROOT_CLASS = YES_ERROR;
				CLANG_WARN_RANGE_LOOP_ANALYSIS = YES;
				CLANG_WARN_STRICT_PROTOTYPES = YES;
				CLANG_WARN_SUSPICIOUS_MOVE = YES;
				CLANG_WARN_UNGUARDED_AVAILABILITY = YES_AGGRESSIVE;
				CLANG_WARN_UNREACHABLE_CODE = YES;
				CLANG_WARN__DUPLICATE_METHOD_MATCH = YES;
				CODE_SIGN_IDENTITY = "Mac Developer";
				COPY_PHASE_STRIP = NO;
				DEBUG_INFORMATION_FORMAT = "dwarf-with-dsym";
				ENABLE_NS_ASSERTIONS = NO;
				ENABLE_STRICT_OBJC_MSGSEND = YES;
				GCC_C_LANGUAGE_STANDARD = gnu11;
				GCC_NO_COMMON_BLOCKS = YES;
				GCC_WARN_64_TO_32_BIT_CONVERSION = YES;
				GCC_WARN_ABOUT_RETURN_TYPE = YES_ERROR;
				GCC_WARN_UNDECLARED_SELECTOR = YES;
				GCC_WARN_UNINITIALIZED_AUTOS = YES_AGGRESSIVE;
				GCC_WARN_UNUSED_FUNCTION = YES;
				GCC_WARN_UNUSED_VARIABLE = YES;
				MACOSX_DEPLOYMENT_TARGET = 10.14;
				MTL_ENABLE_DEBUG_INFO = NO;
				MTL_FAST_MATH = YES;
				SDKROOT = macosx;
			};
			name = Release;
		};
		FA0C13B921A4A484008A08A2 /* Debug */ = {
			isa = XCBuildConfiguration;
			buildSettings = {
				CODE_SIGN_STYLE = Automatic;
				DEVELOPMENT_TEAM = RE82W8HD52;
				HEADER_SEARCH_PATHS = /usr/local/opt/opencv/include/opencv4;
				LIBRARY_SEARCH_PATHS = /usr/local/opt/opencv/lib;
				OTHER_LDFLAGS = (
					"-lopencv_core",
					"-lopencv_highgui",
					"-lopencv_imgproc",
					"-lopencv_videoio",
					"-lopencv_imgcodecs",
					"-lopencv_calib3d",
				);
				PRODUCT_NAME = "$(TARGET_NAME)";
			};
			name = Debug;
		};
		FA0C13BA21A4A484008A08A2 /* Release */ = {
			isa = XCBuildConfiguration;
			buildSettings = {
				CODE_SIGN_STYLE = Automatic;
				DEVELOPMENT_TEAM = RE82W8HD52;
				HEADER_SEARCH_PATHS = /usr/local/opt/opencv/include/opencv4;
				LIBRARY_SEARCH_PATHS = /usr/local/opt/opencv/lib;
				OTHER_LDFLAGS = (
					"-lopencv_core",
					"-lopencv_highgui",
					"-lopencv_imgproc",
					"-lopencv_videoio",
					"-lopencv_imgcodecs",
					"-lopencv_calib3d",
				);
				PRODUCT_NAME = "$(TARGET_NAME)";
			};
			name = Release;
		};
/* End XCBuildConfiguration section */

/* Begin XCConfigurationList section */
		FA0C13AC21A4A484008A08A2 /* Build configuration list for PBXProject "QRCode_Mac" */ = {
			isa = XCConfigurationList;
			buildConfigurations = (
				FA0C13B621A4A484008A08A2 /* Debug */,
				FA0C13B721A4A484008A08A2 /* Release */,
			);
			defaultConfigurationIsVisible = 0;
			defaultConfigurationName = Release;
		};
		FA0C13B821A4A484008A08A2 /* Build configuration list for PBXNativeTarget "QRCode_Mac" */ = {
			isa = XCConfigurationList;
			buildConfigurations = (
				FA0C13B921A4A484008A08A2 /* Debug */,
				FA0C13BA21A4A484008A08A2 /* Release */,
			);
			defaultConfigurationIsVisible = 0;
			defaultConfigurationName = Release;
		};
/* End XCConfigurationList section */
	};
	rootObject = FA0C13A921A4A484008A08A2 /* Project object */;
}
